
Microsoft Visual Studio Solution File, Format Version 12.00
# Visual Studio Version 17
VisualStudioVersion = 17.5.002.0
MinimumVisualStudioVersion = 10.0.40219.1
Project("{2150E333-8FDC-42A3-9474-1A3956D46DE8}") = "csharp-prep", "csharp-prep", "{F5396ABA-6E38-49BB-A757-60998A547CEF}"
EndProject
Project("{9A19103F-16F7-4668-BE54-9A1E7A4F7556}") = "Prep1", "csharp-prep\Prep1\Prep1.csproj", "{1037AB3C-543C-4355-9AC8-4880147D271A}"
EndProject
Project("{9A19103F-16F7-4668-BE54-9A1E7A4F7556}") = "Prep2", "csharp-prep\Prep2\Prep2.csproj", "{57E87596-ACA7-4B85-A09A-E439A30E541F}"
EndProject
Project("{9A19103F-16F7-4668-BE54-9A1E7A4F7556}") = "Prep3", "csharp-prep\Prep3\Prep3.csproj", "{54BF5D79-3F1D-4E38-9BF2-5858B413C339}"
EndProject
Project("{9A19103F-16F7-4668-BE54-9A1E7A4F7556}") = "Prep4", "csharp-prep\Prep4\Prep4.csproj", "{70BAD7FF-97EE-406B-9BC6-06B8621FFCBC}"
EndProject
Project("{9A19103F-16F7-4668-BE54-9A1E7A4F7556}") = "Prep5", "csharp-prep\Prep5\Prep5.csproj", "{377FFE61-8219-47AF-99EA-178CB163CBCC}"
EndProject
Project("{2150E333-8FDC-42A3-9474-1A3956D46DE8}") = "final", "final", "{7B787EDC-8B73-443C-95F2-A782EC974940}"
EndProject
Project("{9A19103F-16F7-4668-BE54-9A1E7A4F7556}") = "FinalProject", "final\FinalProject\FinalProject.csproj", "{489DEC2A-88A7-484D-95F3-6B1FFBAE43F7}"
EndProject
Project("{9A19103F-16F7-4668-BE54-9A1E7A4F7556}") = "Foundation1", "final\Foundation1\Foundation1.csproj", "{26FB42B7-AE3B-40CC-AC5A-AC1F598447D9}"
EndProject
Project("{9A19103F-16F7-4668-BE54-9A1E7A4F7556}") = "Foundation2", "final\Foundation2\Foundation2.csproj", "{F03067C8-AD79-41BD-8AC9-85430436D4D6}"
EndProject
Project("{9A19103F-16F7-4668-BE54-9A1E7A4F7556}") = "Foundation3", "final\Foundation3\Foundation3.csproj", "{5E5853AB-94B0-4CCF-A474-8F9D98EFEC97}"
EndProject
Project("{9A19103F-16F7-4668-BE54-9A1E7A4F7556}") = "Foundation4", "final\Foundation4\Foundation4.csproj", "{A7BE071A-0EA8-419E-A99B-558C16209735}"
EndProject
Project("{2150E333-8FDC-42A3-9474-1A3956D46DE8}") = "prepare", "prepare", "{42A5DD54-BCA1-41ED-9D0F-BDDE83A4158E}"
EndProject
Project("{9A19103F-16F7-4668-BE54-9A1E7A4F7556}") = "Learning02", "prepare\Learning02\Learning02.csproj", "{672BDB6F-5B41-409C-8B49-8FF1DFF32F59}"
EndProject
Project("{9A19103F-16F7-4668-BE54-9A1E7A4F7556}") = "Learning03", "prepare\Learning03\Learning03.csproj", "{4DF038D3-BC15-4DC4-92EC-DABB9754F2F7}"
EndProject
Project("{9A19103F-16F7-4668-BE54-9A1E7A4F7556}") = "Learning04", "prepare\Learning04\Learning04.csproj", "{D1753E2D-5BCC-480D-8AF9-5827D43FCE41}"
EndProject
Project("{9A19103F-16F7-4668-BE54-9A1E7A4F7556}") = "Learning05", "prepare\Learning05\Learning05.csproj", "{CC113AE6-161D-4D60-8DA1-FF6535400ECE}"
EndProject
Project("{2150E333-8FDC-42A3-9474-1A3956D46DE8}") = "prove", "prove", "{052475C9-6B30-4C97-B223-0C7A14710400}"
EndProject
Project("{9A19103F-16F7-4668-BE54-9A1E7A4F7556}") = "Develop02", "prove\Develop02\Develop02.csproj", "{96A5062E-2B6B-477D-ACFD-A226295949B3}"
EndProject
Project("{9A19103F-16F7-4668-BE54-9A1E7A4F7556}") = "Develop03", "prove\Develop03\Develop03.csproj", "{0C83F24B-3563-4B27-BA7D-5B7F234D75AA}"
EndProject
Project("{9A19103F-16F7-4668-BE54-9A1E7A4F7556}") = "Develop04", "prove\Develop04\Develop04.csproj", "{FEBC3F9B-FC71-43FD-A4AB-6D4F9EA1586F}"
EndProject
Project("{9A19103F-16F7-4668-BE54-9A1E7A4F7556}") = "Develop05", "prove\Develop05\Develop05.csproj", "{19E8AA03-2A61-4BE5-B0DB-F8EE58F73AF9}"
EndProject
Project("{2150E333-8FDC-42A3-9474-1A3956D46DE8}") = "sandbox", "sandbox", "{7A9F7D11-85B3-4D52-B9B2-2471986DB670}"
EndProject
Project("{9A19103F-16F7-4668-BE54-9A1E7A4F7556}") = "Sandbox", "sandbox\Sandbox\Sandbox.csproj", "{00FF5FCC-CD7A-4FDD-B4CF-0D8F5E56B73B}"
EndProject
Global
	GlobalSection(SolutionConfigurationPlatforms) = preSolution
		Debug|Any CPU = Debug|Any CPU
		Release|Any CPU = Release|Any CPU
	EndGlobalSection
	GlobalSection(ProjectConfigurationPlatforms) = postSolution
		{1037AB3C-543C-4355-9AC8-4880147D271A}.Debug|Any CPU.ActiveCfg = Debug|Any CPU
		{1037AB3C-543C-4355-9AC8-4880147D271A}.Debug|Any CPU.Build.0 = Debug|Any CPU
		{1037AB3C-543C-4355-9AC8-4880147D271A}.Release|Any CPU.ActiveCfg = Release|Any CPU
		{1037AB3C-543C-4355-9AC8-4880147D271A}.Release|Any CPU.Build.0 = Release|Any CPU
		{57E87596-ACA7-4B85-A09A-E439A30E541F}.Debug|Any CPU.ActiveCfg = Debug|Any CPU
		{57E87596-ACA7-4B85-A09A-E439A30E541F}.Debug|Any CPU.Build.0 = Debug|Any CPU
		{57E87596-ACA7-4B85-A09A-E439A30E541F}.Release|Any CPU.ActiveCfg = Release|Any CPU
		{57E87596-ACA7-4B85-A09A-E439A30E541F}.Release|Any CPU.Build.0 = Release|Any CPU
		{54BF5D79-3F1D-4E38-9BF2-5858B413C339}.Debug|Any CPU.ActiveCfg = Debug|Any CPU
		{54BF5D79-3F1D-4E38-9BF2-5858B413C339}.Debug|Any CPU.Build.0 = Debug|Any CPU
		{54BF5D79-3F1D-4E38-9BF2-5858B413C339}.Release|Any CPU.ActiveCfg = Release|Any CPU
		{54BF5D79-3F1D-4E38-9BF2-5858B413C339}.Release|Any CPU.Build.0 = Release|Any CPU
		{70BAD7FF-97EE-406B-9BC6-06B8621FFCBC}.Debug|Any CPU.ActiveCfg = Debug|Any CPU
		{70BAD7FF-97EE-406B-9BC6-06B8621FFCBC}.Debug|Any CPU.Build.0 = Debug|Any CPU
		{70BAD7FF-97EE-406B-9BC6-06B8621FFCBC}.Release|Any CPU.ActiveCfg = Release|Any CPU
		{70BAD7FF-97EE-406B-9BC6-06B8621FFCBC}.Release|Any CPU.Build.0 = Release|Any CPU
		{377FFE61-8219-47AF-99EA-178CB163CBCC}.Debug|Any CPU.ActiveCfg = Debug|Any CPU
		{377FFE61-8219-47AF-99EA-178CB163CBCC}.Debug|Any CPU.Build.0 = Debug|Any CPU
		{377FFE61-8219-47AF-99EA-178CB163CBCC}.Release|Any CPU.ActiveCfg = Release|Any CPU
		{377FFE61-8219-47AF-99EA-178CB163CBCC}.Release|Any CPU.Build.0 = Release|Any CPU
		{489DEC2A-88A7-484D-95F3-6B1FFBAE43F7}.Debug|Any CPU.ActiveCfg = Debug|Any CPU
		{489DEC2A-88A7-484D-95F3-6B1FFBAE43F7}.Debug|Any CPU.Build.0 = Debug|Any CPU
		{489DEC2A-88A7-484D-95F3-6B1FFBAE43F7}.Release|Any CPU.ActiveCfg = Release|Any CPU
		{489DEC2A-88A7-484D-95F3-6B1FFBAE43F7}.Release|Any CPU.Build.0 = Release|Any CPU
		{26FB42B7-AE3B-40CC-AC5A-AC1F598447D9}.Debug|Any CPU.ActiveCfg = Debug|Any CPU
		{26FB42B7-AE3B-40CC-AC5A-AC1F598447D9}.Debug|Any CPU.Build.0 = Debug|Any CPU
		{26FB42B7-AE3B-40CC-AC5A-AC1F598447D9}.Release|Any CPU.ActiveCfg = Release|Any CPU
		{26FB42B7-AE3B-40CC-AC5A-AC1F598447D9}.Release|Any CPU.Build.0 = Release|Any CPU
		{F03067C8-AD79-41BD-8AC9-85430436D4D6}.Debug|Any CPU.ActiveCfg = Debug|Any CPU
		{F03067C8-AD79-41BD-8AC9-85430436D4D6}.Debug|Any CPU.Build.0 = Debug|Any CPU
		{F03067C8-AD79-41BD-8AC9-85430436D4D6}.Release|Any CPU.ActiveCfg = Release|Any CPU
		{F03067C8-AD79-41BD-8AC9-85430436D4D6}.Release|Any CPU.Build.0 = Release|Any CPU
		{5E5853AB-94B0-4CCF-A474-8F9D98EFEC97}.Debug|Any CPU.ActiveCfg = Debug|Any CPU
		{5E5853AB-94B0-4CCF-A474-8F9D98EFEC97}.Debug|Any CPU.Build.0 = Debug|Any CPU
		{5E5853AB-94B0-4CCF-A474-8F9D98EFEC97}.Release|Any CPU.ActiveCfg = Release|Any CPU
		{5E5853AB-94B0-4CCF-A474-8F9D98EFEC97}.Release|Any CPU.Build.0 = Release|Any CPU
		{A7BE071A-0EA8-419E-A99B-558C16209735}.Debug|Any CPU.ActiveCfg = Debug|Any CPU
		{A7BE071A-0EA8-419E-A99B-558C16209735}.Debug|Any CPU.Build.0 = Debug|Any CPU
		{A7BE071A-0EA8-419E-A99B-558C16209735}.Release|Any CPU.ActiveCfg = Release|Any CPU
		{A7BE071A-0EA8-419E-A99B-558C16209735}.Release|Any CPU.Build.0 = Release|Any CPU
		{672BDB6F-5B41-409C-8B49-8FF1DFF32F59}.Debug|Any CPU.ActiveCfg = Debug|Any CPU
		{672BDB6F-5B41-409C-8B49-8FF1DFF32F59}.Debug|Any CPU.Build.0 = Debug|Any CPU
		{672BDB6F-5B41-409C-8B49-8FF1DFF32F59}.Release|Any CPU.ActiveCfg = Release|Any CPU
		{672BDB6F-5B41-409C-8B49-8FF1DFF32F59}.Release|Any CPU.Build.0 = Release|Any CPU
		{4DF038D3-BC15-4DC4-92EC-DABB9754F2F7}.Debug|Any CPU.ActiveCfg = Debug|Any CPU
		{4DF038D3-BC15-4DC4-92EC-DABB9754F2F7}.Debug|Any CPU.Build.0 = Debug|Any CPU
		{4DF038D3-BC15-4DC4-92EC-DABB9754F2F7}.Release|Any CPU.ActiveCfg = Release|Any CPU
		{4DF038D3-BC15-4DC4-92EC-DABB9754F2F7}.Release|Any CPU.Build.0 = Release|Any CPU
		{D1753E2D-5BCC-480D-8AF9-5827D43FCE41}.Debug|Any CPU.ActiveCfg = Debug|Any CPU
		{D1753E2D-5BCC-480D-8AF9-5827D43FCE41}.Debug|Any CPU.Build.0 = Debug|Any CPU
		{D1753E2D-5BCC-480D-8AF9-5827D43FCE41}.Release|Any CPU.ActiveCfg = Release|Any CPU
		{D1753E2D-5BCC-480D-8AF9-5827D43FCE41}.Release|Any CPU.Build.0 = Release|Any CPU
		{CC113AE6-161D-4D60-8DA1-FF6535400ECE}.Debug|Any CPU.ActiveCfg = Debug|Any CPU
		{CC113AE6-161D-4D60-8DA1-FF6535400ECE}.Debug|Any CPU.Build.0 = Debug|Any CPU
		{CC113AE6-161D-4D60-8DA1-FF6535400ECE}.Release|Any CPU.ActiveCfg = Release|Any CPU
		{CC113AE6-161D-4D60-8DA1-FF6535400ECE}.Release|Any CPU.Build.0 = Release|Any CPU
		{96A5062E-2B6B-477D-ACFD-A226295949B3}.Debug|Any CPU.ActiveCfg = Debug|Any CPU
		{96A5062E-2B6B-477D-ACFD-A226295949B3}.Debug|Any CPU.Build.0 = Debug|Any CPU
		{96A5062E-2B6B-477D-ACFD-A226295949B3}.Release|Any CPU.ActiveCfg = Release|Any CPU
		{96A5062E-2B6B-477D-ACFD-A226295949B3}.Release|Any CPU.Build.0 = Release|Any CPU
		{0C83F24B-3563-4B27-BA7D-5B7F234D75AA}.Debug|Any CPU.ActiveCfg = Debug|Any CPU
		{0C83F24B-3563-4B27-BA7D-5B7F234D75AA}.Debug|Any CPU.Build.0 = Debug|Any CPU
		{0C83F24B-3563-4B27-BA7D-5B7F234D75AA}.Release|Any CPU.ActiveCfg = Release|Any CPU
		{0C83F24B-3563-4B27-BA7D-5B7F234D75AA}.Release|Any CPU.Build.0 = Release|Any CPU
		{FEBC3F9B-FC71-43FD-A4AB-6D4F9EA1586F}.Debug|Any CPU.ActiveCfg = Debug|Any CPU
		{FEBC3F9B-FC71-43FD-A4AB-6D4F9EA1586F}.Debug|Any CPU.Build.0 = Debug|Any CPU
		{FEBC3F9B-FC71-43FD-A4AB-6D4F9EA1586F}.Release|Any CPU.ActiveCfg = Release|Any CPU
		{FEBC3F9B-FC71-43FD-A4AB-6D4F9EA1586F}.Release|Any CPU.Build.0 = Release|Any CPU
		{19E8AA03-2A61-4BE5-B0DB-F8EE58F73AF9}.Debug|Any CPU.ActiveCfg = Debug|Any CPU
		{19E8AA03-2A61-4BE5-B0DB-F8EE58F73AF9}.Debug|Any CPU.Build.0 = Debug|Any CPU
		{19E8AA03-2A61-4BE5-B0DB-F8EE58F73AF9}.Release|Any CPU.ActiveCfg = Release|Any CPU
		{19E8AA03-2A61-4BE5-B0DB-F8EE58F73AF9}.Release|Any CPU.Build.0 = Release|Any CPU
		{00FF5FCC-CD7A-4FDD-B4CF-0D8F5E56B73B}.Debug|Any CPU.ActiveCfg = Debug|Any CPU
		{00FF5FCC-CD7A-4FDD-B4CF-0D8F5E56B73B}.Debug|Any CPU.Build.0 = Debug|Any CPU
		{00FF5FCC-CD7A-4FDD-B4CF-0D8F5E56B73B}.Release|Any CPU.ActiveCfg = Release|Any CPU
		{00FF5FCC-CD7A-4FDD-B4CF-0D8F5E56B73B}.Release|Any CPU.Build.0 = Release|Any CPU
	EndGlobalSection
	GlobalSection(SolutionProperties) = preSolution
		HideSolutionNode = FALSE
	EndGlobalSection
	GlobalSection(NestedProjects) = preSolution
		{1037AB3C-543C-4355-9AC8-4880147D271A} = {F5396ABA-6E38-49BB-A757-60998A547CEF}
		{57E87596-ACA7-4B85-A09A-E439A30E541F} = {F5396ABA-6E38-49BB-A757-60998A547CEF}
		{54BF5D79-3F1D-4E38-9BF2-5858B413C339} = {F5396ABA-6E38-49BB-A757-60998A547CEF}
		{70BAD7FF-97EE-406B-9BC6-06B8621FFCBC} = {F5396ABA-6E38-49BB-A757-60998A547CEF}
		{377FFE61-8219-47AF-99EA-178CB163CBCC} = {F5396ABA-6E38-49BB-A757-60998A547CEF}
		{489DEC2A-88A7-484D-95F3-6B1FFBAE43F7} = {7B787EDC-8B73-443C-95F2-A782EC974940}
		{26FB42B7-AE3B-40CC-AC5A-AC1F598447D9} = {7B787EDC-8B73-443C-95F2-A782EC974940}
		{F03067C8-AD79-41BD-8AC9-85430436D4D6} = {7B787EDC-8B73-443C-95F2-A782EC974940}
		{5E5853AB-94B0-4CCF-A474-8F9D98EFEC97} = {7B787EDC-8B73-443C-95F2-A782EC974940}
		{A7BE071A-0EA8-419E-A99B-558C16209735} = {7B787EDC-8B73-443C-95F2-A782EC974940}
		{672BDB6F-5B41-409C-8B49-8FF1DFF32F59} = {42A5DD54-BCA1-41ED-9D0F-BDDE83A4158E}
		{4DF038D3-BC15-4DC4-92EC-DABB9754F2F7} = {42A5DD54-BCA1-41ED-9D0F-BDDE83A4158E}
		{D1753E2D-5BCC-480D-8AF9-5827D43FCE41} = {42A5DD54-BCA1-41ED-9D0F-BDDE83A4158E}
		{CC113AE6-161D-4D60-8DA1-FF6535400ECE} = {42A5DD54-BCA1-41ED-9D0F-BDDE83A4158E}
		{96A5062E-2B6B-477D-ACFD-A226295949B3} = {052475C9-6B30-4C97-B223-0C7A14710400}
		{0C83F24B-3563-4B27-BA7D-5B7F234D75AA} = {052475C9-6B30-4C97-B223-0C7A14710400}
		{FEBC3F9B-FC71-43FD-A4AB-6D4F9EA1586F} = {052475C9-6B30-4C97-B223-0C7A14710400}
		{19E8AA03-2A61-4BE5-B0DB-F8EE58F73AF9} = {052475C9-6B30-4C97-B223-0C7A14710400}
		{00FF5FCC-CD7A-4FDD-B4CF-0D8F5E56B73B} = {7A9F7D11-85B3-4D52-B9B2-2471986DB670}
	EndGlobalSection
	GlobalSection(ExtensibilityGlobals) = postSolution
		SolutionGuid = {C7D69DB1-55B8-4227-AAC3-56F59B4193AA}
	EndGlobalSection
EndGlobal
